
Microsoft Visual Studio Solution File, Format Version 12.00
# Visual Studio Version 16
VisualStudioVersion = 16.0.28803.352
MinimumVisualStudioVersion = 10.0.40219.1
Project("{FAE04EC0-301F-11D3-BF4B-00C04F79EFBC}") = "KelimeOgrenme", "KelimeOgrenme\KelimeOgrenme.csproj", "{F5062600-0223-472C-B767-91365AE0E2EE}"
EndProject
Global
	GlobalSection(SolutionConfigurationPlatforms) = preSolution
		Debug|Any CPU = Debug|Any CPU
		Release|Any CPU = Release|Any CPU
	EndGlobalSection
	GlobalSection(ProjectConfigurationPlatforms) = postSolution
		{F5062600-0223-472C-B767-91365AE0E2EE}.Debug|Any CPU.ActiveCfg = Debug|Any CPU
		{F5062600-0223-472C-B767-91365AE0E2EE}.Debug|Any CPU.Build.0 = Debug|Any CPU
		{F5062600-0223-472C-B767-91365AE0E2EE}.Release|Any CPU.ActiveCfg = Release|Any CPU
		{F5062600-0223-472C-B767-91365AE0E2EE}.Release|Any CPU.Build.0 = Release|Any CPU
	EndGlobalSection
	GlobalSection(SolutionProperties) = preSolution
		HideSolutionNode = FALSE
	EndGlobalSection
	GlobalSection(ExtensibilityGlobals) = postSolution
		SolutionGuid = {2D7D3FF2-D98B-4503-A301-F233F1F84167}
	EndGlobalSection
EndGlobal
